
Microsoft Visual Studio Solution File, Format Version 12.00
# Visual Studio Version 17
VisualStudioVersion = 17.13.35919.96 d17.13
MinimumVisualStudioVersion = 10.0.40219.1
Project("{FAE04EC0-301F-11D3-BF4B-00C04F79EFBC}") = "SwiftBuy", "SwiftBuy\SwiftBuy.csproj", "{D1D33C90-437B-4E5B-B1F6-59EE049AF3A8}"
EndProject
Global
	GlobalSection(SolutionConfigurationPlatforms) = preSolution
		Debug|Any CPU = Debug|Any CPU
		Release|Any CPU = Release|Any CPU
	EndGlobalSection
	GlobalSection(ProjectConfigurationPlatforms) = postSolution
		{D1D33C90-437B-4E5B-B1F6-59EE049AF3A8}.Debug|Any CPU.ActiveCfg = Debug|Any CPU
		{D1D33C90-437B-4E5B-B1F6-59EE049AF3A8}.Debug|Any CPU.Build.0 = Debug|Any CPU
		{D1D33C90-437B-4E5B-B1F6-59EE049AF3A8}.Release|Any CPU.ActiveCfg = Release|Any CPU
		{D1D33C90-437B-4E5B-B1F6-59EE049AF3A8}.Release|Any CPU.Build.0 = Release|Any CPU
	EndGlobalSection
	GlobalSection(SolutionProperties) = preSolution
		HideSolutionNode = FALSE
	EndGlobalSection
	GlobalSection(ExtensibilityGlobals) = postSolution
		SolutionGuid = {1A124A14-496A-45A0-B24E-57A2C93B9458}
	EndGlobalSection
EndGlobal
